
Microsoft Visual Studio Solution File, Format Version 12.00
# Visual Studio Version 16
VisualStudioVersion = 16.0.30517.126
MinimumVisualStudioVersion = 10.0.40219.1
Project("{FAE04EC0-301F-11D3-BF4B-00C04F79EFBC}") = "bikvadrat", "bikvadrat.csproj", "{182684AC-A604-4AA9-A7D1-FCCB3B3C6BE3}"
EndProject
Global
	GlobalSection(SolutionConfigurationPlatforms) = preSolution
		Debug|Any CPU = Debug|Any CPU
		Release|Any CPU = Release|Any CPU
	EndGlobalSection
	GlobalSection(ProjectConfigurationPlatforms) = postSolution
		{182684AC-A604-4AA9-A7D1-FCCB3B3C6BE3}.Debug|Any CPU.ActiveCfg = Debug|Any CPU
		{182684AC-A604-4AA9-A7D1-FCCB3B3C6BE3}.Debug|Any CPU.Build.0 = Debug|Any CPU
		{182684AC-A604-4AA9-A7D1-FCCB3B3C6BE3}.Release|Any CPU.ActiveCfg = Release|Any CPU
		{182684AC-A604-4AA9-A7D1-FCCB3B3C6BE3}.Release|Any CPU.Build.0 = Release|Any CPU
	EndGlobalSection
	GlobalSection(SolutionProperties) = preSolution
		HideSolutionNode = FALSE
	EndGlobalSection
	GlobalSection(ExtensibilityGlobals) = postSolution
		SolutionGuid = {789BCD9E-ECC2-447F-9E6B-DBEBC87CEB6B}
	EndGlobalSection
EndGlobal
